
Microsoft Visual Studio Solution File, Format Version 12.00
# Visual Studio Version 17
VisualStudioVersion = 17.0.32014.148
MinimumVisualStudioVersion = 10.0.40219.1
Project("{9A19103F-16F7-4668-BE54-9A1E7A4F7556}") = "Presentation", "TradeJournal\Presentation.csproj", "{A5188791-E3C1-4926-891D-5211D55A095E}"
EndProject
Project("{9A19103F-16F7-4668-BE54-9A1E7A4F7556}") = "Application", "Application\Application.csproj", "{D372C239-C670-4B63-B91F-CA574857C5B1}"
EndProject
Project("{9A19103F-16F7-4668-BE54-9A1E7A4F7556}") = "Infrastructure", "Infrastructure\Infrastructure.csproj", "{9F223553-6731-4D65-8F10-F1E7C66CEC2D}"
EndProject
Project("{9A19103F-16F7-4668-BE54-9A1E7A4F7556}") = "Domain", "Domain\Domain.csproj", "{28755990-2E35-4CA0-A5E3-DBED19E07930}"
EndProject
Global
	GlobalSection(SolutionConfigurationPlatforms) = preSolution
		Debug|Any CPU = Debug|Any CPU
		Release|Any CPU = Release|Any CPU
	EndGlobalSection
	GlobalSection(ProjectConfigurationPlatforms) = postSolution
		{A5188791-E3C1-4926-891D-5211D55A095E}.Debug|Any CPU.ActiveCfg = Debug|Any CPU
		{A5188791-E3C1-4926-891D-5211D55A095E}.Debug|Any CPU.Build.0 = Debug|Any CPU
		{A5188791-E3C1-4926-891D-5211D55A095E}.Release|Any CPU.ActiveCfg = Release|Any CPU
		{A5188791-E3C1-4926-891D-5211D55A095E}.Release|Any CPU.Build.0 = Release|Any CPU
		{D372C239-C670-4B63-B91F-CA574857C5B1}.Debug|Any CPU.ActiveCfg = Debug|Any CPU
		{D372C239-C670-4B63-B91F-CA574857C5B1}.Debug|Any CPU.Build.0 = Debug|Any CPU
		{D372C239-C670-4B63-B91F-CA574857C5B1}.Release|Any CPU.ActiveCfg = Release|Any CPU
		{D372C239-C670-4B63-B91F-CA574857C5B1}.Release|Any CPU.Build.0 = Release|Any CPU
		{9F223553-6731-4D65-8F10-F1E7C66CEC2D}.Debug|Any CPU.ActiveCfg = Debug|Any CPU
		{9F223553-6731-4D65-8F10-F1E7C66CEC2D}.Debug|Any CPU.Build.0 = Debug|Any CPU
		{9F223553-6731-4D65-8F10-F1E7C66CEC2D}.Release|Any CPU.ActiveCfg = Release|Any CPU
		{9F223553-6731-4D65-8F10-F1E7C66CEC2D}.Release|Any CPU.Build.0 = Release|Any CPU
		{28755990-2E35-4CA0-A5E3-DBED19E07930}.Debug|Any CPU.ActiveCfg = Debug|Any CPU
		{28755990-2E35-4CA0-A5E3-DBED19E07930}.Debug|Any CPU.Build.0 = Debug|Any CPU
		{28755990-2E35-4CA0-A5E3-DBED19E07930}.Release|Any CPU.ActiveCfg = Release|Any CPU
		{28755990-2E35-4CA0-A5E3-DBED19E07930}.Release|Any CPU.Build.0 = Release|Any CPU
	EndGlobalSection
	GlobalSection(SolutionProperties) = preSolution
		HideSolutionNode = FALSE
	EndGlobalSection
	GlobalSection(ExtensibilityGlobals) = postSolution
		SolutionGuid = {C874BA9D-FA2B-4F2F-8F84-165514025966}
	EndGlobalSection
EndGlobal
